
Microsoft Visual Studio Solution File, Format Version 12.00
# Visual Studio Version 17
VisualStudioVersion = 17.12.35728.132
MinimumVisualStudioVersion = 10.0.40219.1
Project("{FAE04EC0-301F-11D3-BF4B-00C04F79EFBC}") = "EzStocks.Api.Functions", "EzStocks.Api.Functions\EzStocks.Api.Functions.csproj", "{80ACD8EB-F65C-4D7C-882F-BD8781CF2209}"
EndProject
Project("{FAE04EC0-301F-11D3-BF4B-00C04F79EFBC}") = "EzStocks.Api.Application", "EzStocks.Api.Application\EzStocks.Api.Application.csproj", "{A3FA77B6-8E23-4768-8045-D820D5F99245}"
EndProject
Project("{FAE04EC0-301F-11D3-BF4B-00C04F79EFBC}") = "EzStocks.Api.Domain", "EzStocks.Api.Domain\EzStocks.Api.Domain.csproj", "{BA320689-96C5-4CC9-8C41-92E22BC9CD86}"
EndProject
Project("{FAE04EC0-301F-11D3-BF4B-00C04F79EFBC}") = "EzStocks.Api.Persistence", "EzStocks.Api.Persistence\EzStocks.Api.Persistence.csproj", "{8FEB3357-2231-4FEA-98B8-5C3403712CFE}"
EndProject
Project("{FAE04EC0-301F-11D3-BF4B-00C04F79EFBC}") = "EzStocks.Api.Infrastructure", "EzStocks.Api.Infrastructure\EzStocks.Api.Infrastructure.csproj", "{9545B55F-05F8-41FD-89C1-96ABEE67574F}"
EndProject
Global
	GlobalSection(SolutionConfigurationPlatforms) = preSolution
		Debug|Any CPU = Debug|Any CPU
		Release|Any CPU = Release|Any CPU
	EndGlobalSection
	GlobalSection(ProjectConfigurationPlatforms) = postSolution
		{80ACD8EB-F65C-4D7C-882F-BD8781CF2209}.Debug|Any CPU.ActiveCfg = Debug|Any CPU
		{80ACD8EB-F65C-4D7C-882F-BD8781CF2209}.Debug|Any CPU.Build.0 = Debug|Any CPU
		{80ACD8EB-F65C-4D7C-882F-BD8781CF2209}.Release|Any CPU.ActiveCfg = Release|Any CPU
		{80ACD8EB-F65C-4D7C-882F-BD8781CF2209}.Release|Any CPU.Build.0 = Release|Any CPU
		{A3FA77B6-8E23-4768-8045-D820D5F99245}.Debug|Any CPU.ActiveCfg = Debug|Any CPU
		{A3FA77B6-8E23-4768-8045-D820D5F99245}.Debug|Any CPU.Build.0 = Debug|Any CPU
		{A3FA77B6-8E23-4768-8045-D820D5F99245}.Release|Any CPU.ActiveCfg = Release|Any CPU
		{A3FA77B6-8E23-4768-8045-D820D5F99245}.Release|Any CPU.Build.0 = Release|Any CPU
		{BA320689-96C5-4CC9-8C41-92E22BC9CD86}.Debug|Any CPU.ActiveCfg = Debug|Any CPU
		{BA320689-96C5-4CC9-8C41-92E22BC9CD86}.Debug|Any CPU.Build.0 = Debug|Any CPU
		{BA320689-96C5-4CC9-8C41-92E22BC9CD86}.Release|Any CPU.ActiveCfg = Release|Any CPU
		{BA320689-96C5-4CC9-8C41-92E22BC9CD86}.Release|Any CPU.Build.0 = Release|Any CPU
		{8FEB3357-2231-4FEA-98B8-5C3403712CFE}.Debug|Any CPU.ActiveCfg = Debug|Any CPU
		{8FEB3357-2231-4FEA-98B8-5C3403712CFE}.Debug|Any CPU.Build.0 = Debug|Any CPU
		{8FEB3357-2231-4FEA-98B8-5C3403712CFE}.Release|Any CPU.ActiveCfg = Release|Any CPU
		{8FEB3357-2231-4FEA-98B8-5C3403712CFE}.Release|Any CPU.Build.0 = Release|Any CPU
		{9545B55F-05F8-41FD-89C1-96ABEE67574F}.Debug|Any CPU.ActiveCfg = Debug|Any CPU
		{9545B55F-05F8-41FD-89C1-96ABEE67574F}.Debug|Any CPU.Build.0 = Debug|Any CPU
		{9545B55F-05F8-41FD-89C1-96ABEE67574F}.Release|Any CPU.ActiveCfg = Release|Any CPU
		{9545B55F-05F8-41FD-89C1-96ABEE67574F}.Release|Any CPU.Build.0 = Release|Any CPU
	EndGlobalSection
	GlobalSection(SolutionProperties) = preSolution
		HideSolutionNode = FALSE
	EndGlobalSection
	GlobalSection(ExtensibilityGlobals) = postSolution
		SolutionGuid = {E3FB695A-2692-4E25-87B8-8E3D39FC883E}
	EndGlobalSection
EndGlobal
